
Microsoft Visual Studio Solution File, Format Version 12.00
# Visual Studio Version 17
VisualStudioVersion = 17.0.31903.59
MinimumVisualStudioVersion = 10.0.40219.1
Project("{2150E333-8FDC-42A3-9474-1A3956D46DE8}") = "src", "src", "{1BDFEAD2-0204-49BA-A28C-D71C15CCA814}"
EndProject
Project("{2150E333-8FDC-42A3-9474-1A3956D46DE8}") = "MusicService", "MusicService", "{3FC628F3-2AB8-457B-B142-3586E6212F2A}"
EndProject
Project("{2150E333-8FDC-42A3-9474-1A3956D46DE8}") = "L718Framework", "L718Framework", "{A8028173-583C-435F-833F-8A3E213F23D7}"
EndProject
Project("{FAE04EC0-301F-11D3-BF4B-00C04F79EFBC}") = "L718Framework.Core", "src\L718Framework\Core\L718Framework.Core.csproj", "{A7D64B45-80F5-4DBD-A8A1-FFB12673D2F8}"
EndProject
Project("{FAE04EC0-301F-11D3-BF4B-00C04F79EFBC}") = "L718Framework.Infrastructure", "src\L718Framework\Infrastructure\L718Framework.Infrastructure.csproj", "{AE478B87-4379-49B7-B87A-7D7EF63974C4}"
EndProject
Project("{FAE04EC0-301F-11D3-BF4B-00C04F79EFBC}") = "MusicApplication", "src\MusicService\Application\MusicService.Application.csproj", "{C067D301-4C8A-44CA-B563-9F457D53B797}"
EndProject
Project("{FAE04EC0-301F-11D3-BF4B-00C04F79EFBC}") = "MusicService.Infrastructure", "src\MusicService\Infrastructure\MusicService.Infrastructure.csproj", "{7D8BB4B9-4AB6-4C8B-A509-B468BEAF178B}"
EndProject
Project("{FAE04EC0-301F-11D3-BF4B-00C04F79EFBC}") = "Persistence.DapperDatabase", "src\L718Framework\Persistence.DapperDatabase\Persistence.DapperDatabase.csproj", "{0D898163-9BFC-4556-8669-68D5FF704318}"
EndProject
Project("{2150E333-8FDC-42A3-9474-1A3956D46DE8}") = "FileService", "FileService", "{15D785F5-1AA3-48D3-A688-20AADE6A1312}"
EndProject
Project("{FAE04EC0-301F-11D3-BF4B-00C04F79EFBC}") = "FileService.Application", "src\FileService\Application\FileService.Application.csproj", "{1CB7A673-81CE-4C63-9C31-CA27D6B0C9D0}"
EndProject
Project("{FAE04EC0-301F-11D3-BF4B-00C04F79EFBC}") = "FileService.Infrastructure", "src\FileService\Infrastructure\FileService.Infrastructure.csproj", "{D3F39B64-6BF8-408D-98A6-E2A4BD4D708F}"
EndProject
Project("{FAE04EC0-301F-11D3-BF4B-00C04F79EFBC}") = "Configuration", "src\Configuration\Configuration.csproj", "{1C83EBC7-6D6D-4FBD-8299-261CE75CF286}"
EndProject
Project("{FAE04EC0-301F-11D3-BF4B-00C04F79EFBC}") = "MusicPracticePlannerAPI", "src\MusicPracticePlannerAPI\MusicPracticePlannerAPI.csproj", "{06350EC9-9ADF-41A0-9B1D-FBC5DC7E61A7}"
EndProject
Project("{FAE04EC0-301F-11D3-BF4B-00C04F79EFBC}") = "Persistence.DapperDatabase.Test", "src\L718Framework\Persistence.DapperDatabase.Test\Persistence.DapperDatabase.Test.csproj", "{666CF7D6-FF3A-4BA0-B1DE-6F06D85B4C67}"
EndProject
Global
	GlobalSection(SolutionConfigurationPlatforms) = preSolution
		Debug|Any CPU = Debug|Any CPU
		Release|Any CPU = Release|Any CPU
	EndGlobalSection
	GlobalSection(ProjectConfigurationPlatforms) = postSolution
		{A7D64B45-80F5-4DBD-A8A1-FFB12673D2F8}.Debug|Any CPU.ActiveCfg = Debug|Any CPU
		{A7D64B45-80F5-4DBD-A8A1-FFB12673D2F8}.Debug|Any CPU.Build.0 = Debug|Any CPU
		{A7D64B45-80F5-4DBD-A8A1-FFB12673D2F8}.Release|Any CPU.ActiveCfg = Release|Any CPU
		{A7D64B45-80F5-4DBD-A8A1-FFB12673D2F8}.Release|Any CPU.Build.0 = Release|Any CPU
		{AE478B87-4379-49B7-B87A-7D7EF63974C4}.Debug|Any CPU.ActiveCfg = Debug|Any CPU
		{AE478B87-4379-49B7-B87A-7D7EF63974C4}.Debug|Any CPU.Build.0 = Debug|Any CPU
		{AE478B87-4379-49B7-B87A-7D7EF63974C4}.Release|Any CPU.ActiveCfg = Release|Any CPU
		{AE478B87-4379-49B7-B87A-7D7EF63974C4}.Release|Any CPU.Build.0 = Release|Any CPU
		{C067D301-4C8A-44CA-B563-9F457D53B797}.Debug|Any CPU.ActiveCfg = Debug|Any CPU
		{C067D301-4C8A-44CA-B563-9F457D53B797}.Debug|Any CPU.Build.0 = Debug|Any CPU
		{C067D301-4C8A-44CA-B563-9F457D53B797}.Release|Any CPU.ActiveCfg = Release|Any CPU
		{C067D301-4C8A-44CA-B563-9F457D53B797}.Release|Any CPU.Build.0 = Release|Any CPU
		{7D8BB4B9-4AB6-4C8B-A509-B468BEAF178B}.Debug|Any CPU.ActiveCfg = Debug|Any CPU
		{7D8BB4B9-4AB6-4C8B-A509-B468BEAF178B}.Debug|Any CPU.Build.0 = Debug|Any CPU
		{7D8BB4B9-4AB6-4C8B-A509-B468BEAF178B}.Release|Any CPU.ActiveCfg = Release|Any CPU
		{7D8BB4B9-4AB6-4C8B-A509-B468BEAF178B}.Release|Any CPU.Build.0 = Release|Any CPU
		{0D898163-9BFC-4556-8669-68D5FF704318}.Debug|Any CPU.ActiveCfg = Debug|Any CPU
		{0D898163-9BFC-4556-8669-68D5FF704318}.Debug|Any CPU.Build.0 = Debug|Any CPU
		{0D898163-9BFC-4556-8669-68D5FF704318}.Release|Any CPU.ActiveCfg = Release|Any CPU
		{0D898163-9BFC-4556-8669-68D5FF704318}.Release|Any CPU.Build.0 = Release|Any CPU
		{1CB7A673-81CE-4C63-9C31-CA27D6B0C9D0}.Debug|Any CPU.ActiveCfg = Debug|Any CPU
		{1CB7A673-81CE-4C63-9C31-CA27D6B0C9D0}.Debug|Any CPU.Build.0 = Debug|Any CPU
		{1CB7A673-81CE-4C63-9C31-CA27D6B0C9D0}.Release|Any CPU.ActiveCfg = Release|Any CPU
		{1CB7A673-81CE-4C63-9C31-CA27D6B0C9D0}.Release|Any CPU.Build.0 = Release|Any CPU
		{D3F39B64-6BF8-408D-98A6-E2A4BD4D708F}.Debug|Any CPU.ActiveCfg = Debug|Any CPU
		{D3F39B64-6BF8-408D-98A6-E2A4BD4D708F}.Debug|Any CPU.Build.0 = Debug|Any CPU
		{D3F39B64-6BF8-408D-98A6-E2A4BD4D708F}.Release|Any CPU.ActiveCfg = Release|Any CPU
		{D3F39B64-6BF8-408D-98A6-E2A4BD4D708F}.Release|Any CPU.Build.0 = Release|Any CPU
		{1C83EBC7-6D6D-4FBD-8299-261CE75CF286}.Debug|Any CPU.ActiveCfg = Debug|Any CPU
		{1C83EBC7-6D6D-4FBD-8299-261CE75CF286}.Debug|Any CPU.Build.0 = Debug|Any CPU
		{1C83EBC7-6D6D-4FBD-8299-261CE75CF286}.Release|Any CPU.ActiveCfg = Release|Any CPU
		{1C83EBC7-6D6D-4FBD-8299-261CE75CF286}.Release|Any CPU.Build.0 = Release|Any CPU
		{06350EC9-9ADF-41A0-9B1D-FBC5DC7E61A7}.Debug|Any CPU.ActiveCfg = Debug|Any CPU
		{06350EC9-9ADF-41A0-9B1D-FBC5DC7E61A7}.Debug|Any CPU.Build.0 = Debug|Any CPU
		{06350EC9-9ADF-41A0-9B1D-FBC5DC7E61A7}.Release|Any CPU.ActiveCfg = Release|Any CPU
		{06350EC9-9ADF-41A0-9B1D-FBC5DC7E61A7}.Release|Any CPU.Build.0 = Release|Any CPU
		{666CF7D6-FF3A-4BA0-B1DE-6F06D85B4C67}.Debug|Any CPU.ActiveCfg = Debug|Any CPU
		{666CF7D6-FF3A-4BA0-B1DE-6F06D85B4C67}.Debug|Any CPU.Build.0 = Debug|Any CPU
		{666CF7D6-FF3A-4BA0-B1DE-6F06D85B4C67}.Release|Any CPU.ActiveCfg = Release|Any CPU
		{666CF7D6-FF3A-4BA0-B1DE-6F06D85B4C67}.Release|Any CPU.Build.0 = Release|Any CPU
	EndGlobalSection
	GlobalSection(SolutionProperties) = preSolution
		HideSolutionNode = FALSE
	EndGlobalSection
	GlobalSection(NestedProjects) = preSolution
		{3FC628F3-2AB8-457B-B142-3586E6212F2A} = {1BDFEAD2-0204-49BA-A28C-D71C15CCA814}
		{A8028173-583C-435F-833F-8A3E213F23D7} = {1BDFEAD2-0204-49BA-A28C-D71C15CCA814}
		{A7D64B45-80F5-4DBD-A8A1-FFB12673D2F8} = {A8028173-583C-435F-833F-8A3E213F23D7}
		{AE478B87-4379-49B7-B87A-7D7EF63974C4} = {A8028173-583C-435F-833F-8A3E213F23D7}
		{C067D301-4C8A-44CA-B563-9F457D53B797} = {3FC628F3-2AB8-457B-B142-3586E6212F2A}
		{7D8BB4B9-4AB6-4C8B-A509-B468BEAF178B} = {3FC628F3-2AB8-457B-B142-3586E6212F2A}
		{0D898163-9BFC-4556-8669-68D5FF704318} = {A8028173-583C-435F-833F-8A3E213F23D7}
		{15D785F5-1AA3-48D3-A688-20AADE6A1312} = {1BDFEAD2-0204-49BA-A28C-D71C15CCA814}
		{1CB7A673-81CE-4C63-9C31-CA27D6B0C9D0} = {15D785F5-1AA3-48D3-A688-20AADE6A1312}
		{D3F39B64-6BF8-408D-98A6-E2A4BD4D708F} = {15D785F5-1AA3-48D3-A688-20AADE6A1312}
		{1C83EBC7-6D6D-4FBD-8299-261CE75CF286} = {1BDFEAD2-0204-49BA-A28C-D71C15CCA814}
		{06350EC9-9ADF-41A0-9B1D-FBC5DC7E61A7} = {1BDFEAD2-0204-49BA-A28C-D71C15CCA814}
		{666CF7D6-FF3A-4BA0-B1DE-6F06D85B4C67} = {A8028173-583C-435F-833F-8A3E213F23D7}
	EndGlobalSection
EndGlobal
